
Microsoft Visual Studio Solution File, Format Version 12.00
# Visual Studio Version 16
VisualStudioVersion = 16.0.30011.22
MinimumVisualStudioVersion = 10.0.40219.1
Project("{9A19103F-16F7-4668-BE54-9A1E7A4F7556}") = "EFCore", "EFCore\EFCore.csproj", "{3B42D8F3-E93C-49FA-B2AC-2F0A1061793E}"
EndProject
Project("{FAE04EC0-301F-11D3-BF4B-00C04F79EFBC}") = "UnitTestsProject", "UnitTestsProject\UnitTestsProject.csproj", "{B8356B60-FFBC-4535-8EB4-558A96F8FA45}"
EndProject
Global
	GlobalSection(SolutionConfigurationPlatforms) = preSolution
		Debug|Any CPU = Debug|Any CPU
		Release|Any CPU = Release|Any CPU
	EndGlobalSection
	GlobalSection(ProjectConfigurationPlatforms) = postSolution
		{3B42D8F3-E93C-49FA-B2AC-2F0A1061793E}.Debug|Any CPU.ActiveCfg = Debug|Any CPU
		{3B42D8F3-E93C-49FA-B2AC-2F0A1061793E}.Debug|Any CPU.Build.0 = Debug|Any CPU
		{3B42D8F3-E93C-49FA-B2AC-2F0A1061793E}.Release|Any CPU.ActiveCfg = Release|Any CPU
		{3B42D8F3-E93C-49FA-B2AC-2F0A1061793E}.Release|Any CPU.Build.0 = Release|Any CPU
		{B8356B60-FFBC-4535-8EB4-558A96F8FA45}.Debug|Any CPU.ActiveCfg = Debug|Any CPU
		{B8356B60-FFBC-4535-8EB4-558A96F8FA45}.Debug|Any CPU.Build.0 = Debug|Any CPU
		{B8356B60-FFBC-4535-8EB4-558A96F8FA45}.Release|Any CPU.ActiveCfg = Release|Any CPU
		{B8356B60-FFBC-4535-8EB4-558A96F8FA45}.Release|Any CPU.Build.0 = Release|Any CPU
	EndGlobalSection
	GlobalSection(SolutionProperties) = preSolution
		HideSolutionNode = FALSE
	EndGlobalSection
	GlobalSection(ExtensibilityGlobals) = postSolution
		SolutionGuid = {BA7D6112-608C-42E3-89E2-75D3B7CE0076}
	EndGlobalSection
EndGlobal
